
Microsoft Visual Studio Solution File, Format Version 12.00
# Visual Studio Version 16
VisualStudioVersion = 16.0.30128.74
MinimumVisualStudioVersion = 10.0.40219.1
Project("{8BC9CEB8-8B4A-11D0-8D11-00A0C91BC942}") = "03_IDI_EXCLAMATION", "03_IDI_EXCLAMATION.vcxproj", "{3C2D13EE-EB78-4118-A4F1-4207C9788BD8}"
EndProject
Global
	GlobalSection(SolutionConfigurationPlatforms) = preSolution
		Debug|x64 = Debug|x64
		Debug|x86 = Debug|x86
		Release|x64 = Release|x64
		Release|x86 = Release|x86
	EndGlobalSection
	GlobalSection(ProjectConfigurationPlatforms) = postSolution
		{3C2D13EE-EB78-4118-A4F1-4207C9788BD8}.Debug|x64.ActiveCfg = Debug|x64
		{3C2D13EE-EB78-4118-A4F1-4207C9788BD8}.Debug|x64.Build.0 = Debug|x64
		{3C2D13EE-EB78-4118-A4F1-4207C9788BD8}.Debug|x86.ActiveCfg = Debug|Win32
		{3C2D13EE-EB78-4118-A4F1-4207C9788BD8}.Debug|x86.Build.0 = Debug|Win32
		{3C2D13EE-EB78-4118-A4F1-4207C9788BD8}.Release|x64.ActiveCfg = Release|x64
		{3C2D13EE-EB78-4118-A4F1-4207C9788BD8}.Release|x64.Build.0 = Release|x64
		{3C2D13EE-EB78-4118-A4F1-4207C9788BD8}.Release|x86.ActiveCfg = Release|Win32
		{3C2D13EE-EB78-4118-A4F1-4207C9788BD8}.Release|x86.Build.0 = Release|Win32
	EndGlobalSection
	GlobalSection(SolutionProperties) = preSolution
		HideSolutionNode = FALSE
	EndGlobalSection
	GlobalSection(ExtensibilityGlobals) = postSolution
		SolutionGuid = {5855C3F4-DFAF-4322-BE4B-358ED6466486}
	EndGlobalSection
EndGlobal
